
Microsoft Visual Studio Solution File, Format Version 12.00
# Visual Studio Version 17
VisualStudioVersion = 17.9.34622.214
MinimumVisualStudioVersion = 10.0.40219.1
Project("{9A19103F-16F7-4668-BE54-9A1E7A4F7556}") = "Trabalho.API", "Trabalho.API\Trabalho.API.csproj", "{B0FF3829-A3CB-4BD8-B700-30A2C51417AB}"
EndProject
Global
	GlobalSection(SolutionConfigurationPlatforms) = preSolution
		Debug|Any CPU = Debug|Any CPU
		Release|Any CPU = Release|Any CPU
	EndGlobalSection
	GlobalSection(ProjectConfigurationPlatforms) = postSolution
		{B0FF3829-A3CB-4BD8-B700-30A2C51417AB}.Debug|Any CPU.ActiveCfg = Debug|Any CPU
		{B0FF3829-A3CB-4BD8-B700-30A2C51417AB}.Debug|Any CPU.Build.0 = Debug|Any CPU
		{B0FF3829-A3CB-4BD8-B700-30A2C51417AB}.Release|Any CPU.ActiveCfg = Release|Any CPU
		{B0FF3829-A3CB-4BD8-B700-30A2C51417AB}.Release|Any CPU.Build.0 = Release|Any CPU
	EndGlobalSection
	GlobalSection(SolutionProperties) = preSolution
		HideSolutionNode = FALSE
	EndGlobalSection
	GlobalSection(ExtensibilityGlobals) = postSolution
		SolutionGuid = {EDF58B28-ED28-4947-9FEE-36E750038332}
	EndGlobalSection
EndGlobal
